
Microsoft Visual Studio Solution File, Format Version 12.00
# Visual Studio Version 16
VisualStudioVersion = 16.0.31025.194
MinimumVisualStudioVersion = 10.0.40219.1
Project("{9A19103F-16F7-4668-BE54-9A1E7A4F7556}") = "WebApplication1", "WebApplication1\WebApplication1.csproj", "{2403A6BE-3274-459B-B4E1-1EEA12A9F680}"
EndProject
Project("{2150E333-8FDC-42A3-9474-1A3956D46DE8}") = "Solution Items", "Solution Items", "{40C1F7B4-7555-4A26-917D-3646A7353E22}"
	ProjectSection(SolutionItems) = preProject
		Nots.txt = Nots.txt
	EndProjectSection
EndProject
Project("{FAE04EC0-301F-11D3-BF4B-00C04F79EFBC}") = "ESearchKibana", "ESearchKibana\ESearchKibana.csproj", "{D5A5582E-7182-4FF4-8C19-A074075C0F1D}"
EndProject
Global
	GlobalSection(SolutionConfigurationPlatforms) = preSolution
		Debug|Any CPU = Debug|Any CPU
		Release|Any CPU = Release|Any CPU
	EndGlobalSection
	GlobalSection(ProjectConfigurationPlatforms) = postSolution
		{2403A6BE-3274-459B-B4E1-1EEA12A9F680}.Debug|Any CPU.ActiveCfg = Debug|Any CPU
		{2403A6BE-3274-459B-B4E1-1EEA12A9F680}.Debug|Any CPU.Build.0 = Debug|Any CPU
		{2403A6BE-3274-459B-B4E1-1EEA12A9F680}.Release|Any CPU.ActiveCfg = Release|Any CPU
		{2403A6BE-3274-459B-B4E1-1EEA12A9F680}.Release|Any CPU.Build.0 = Release|Any CPU
		{D5A5582E-7182-4FF4-8C19-A074075C0F1D}.Debug|Any CPU.ActiveCfg = Debug|Any CPU
		{D5A5582E-7182-4FF4-8C19-A074075C0F1D}.Debug|Any CPU.Build.0 = Debug|Any CPU
		{D5A5582E-7182-4FF4-8C19-A074075C0F1D}.Release|Any CPU.ActiveCfg = Release|Any CPU
		{D5A5582E-7182-4FF4-8C19-A074075C0F1D}.Release|Any CPU.Build.0 = Release|Any CPU
	EndGlobalSection
	GlobalSection(SolutionProperties) = preSolution
		HideSolutionNode = FALSE
	EndGlobalSection
	GlobalSection(ExtensibilityGlobals) = postSolution
		SolutionGuid = {3156EE2C-1A20-483A-9186-4398E9750122}
	EndGlobalSection
EndGlobal
